{
  "object": {
    "pins": [
      {
        "package": "ActivityIndicator",
        "repositoryURL": "https://github.com/kjoe07/ActivityIndicator.git",
        "state": {
          "branch": "master",
          "revision": "b0ffcefd9bb22fbd5eaf32bfdeae93684f71df7d",
          "version": null
        }
      },
      {
        "package": "GooglePlacesSearchController",
        "repositoryURL": "https://github.com/kjoe07/GooglePlacesSearchController",
        "state": {
          "branch": "master",
          "revision": "652b5c53e39750a7cd54cc152a2b41f52714edda",
          "version": null
        }
      },
      {
        "package": "IQKeyboardManagerSwift",
        "repositoryURL": "https://github.com/hackiftekhar/IQKeyboardManager.git",
        "state": {
          "branch": null,
          "revision": "b0f0a127cca6bb39378447baa2afff74123abd09",
          "version": "6.5.5"
        }
      }
    ]
  },
  "version": 1
}
