// !$*UTF8*$!
{
	archiveVersion = 1;
	classes = {
	};
	objectVersion = 52;
	objects = {

/* Begin PBXBuildFile section */
		11286813243F7D5B00F6BD58 /* Colors.xcassets in Resources */ = {isa = PBXBuildFile; fileRef = 11286812243F7D5B00F6BD58 /* Colors.xcassets */; };
		11286815243F997700F6BD58 /* BorderCardView.swift in Sources */ = {isa = PBXBuildFile; fileRef = 11286814243F997700F6BD58 /* BorderCardView.swift */; };
		11286817243FBD5100F6BD58 /* BorderTextField.swift in Sources */ = {isa = PBXBuildFile; fileRef = 11286816243FBD5100F6BD58 /* BorderTextField.swift */; };
		11286819243FCAE200F6BD58 /* ExtensionUIIMage.swift in Sources */ = {isa = PBXBuildFile; fileRef = 11286818243FCAE200F6BD58 /* ExtensionUIIMage.swift */; };
		1128681B244118AE00F6BD58 /* CustomSegmentedControl.swift in Sources */ = {isa = PBXBuildFile; fileRef = 1128681A244118AE00F6BD58 /* CustomSegmentedControl.swift */; };
		1138462B2453AB2E007C4624 /* RegisterResponse.swift in Sources */ = {isa = PBXBuildFile; fileRef = 1138462A2453AB2E007C4624 /* RegisterResponse.swift */; };
		116563C02448BE3000860795 /* perfil.storyboard in Resources */ = {isa = PBXBuildFile; fileRef = 116563BF2448BE3000860795 /* perfil.storyboard */; };
		116F43B4242E8C700041F301 /* ActivityIndicator in Frameworks */ = {isa = PBXBuildFile; productRef = 116F43B3242E8C700041F301 /* ActivityIndicator */; };
		1176FECF2448EE1000648239 /* oferta.storyboard in Resources */ = {isa = PBXBuildFile; fileRef = 1176FECE2448EE1000648239 /* oferta.storyboard */; };
		1176FED12448EE6700648239 /* Notifications.storyboard in Resources */ = {isa = PBXBuildFile; fileRef = 1176FED02448EE6700648239 /* Notifications.storyboard */; };
		1176FED32448EF8A00648239 /* conecta.storyboard in Resources */ = {isa = PBXBuildFile; fileRef = 1176FED22448EF8A00648239 /* conecta.storyboard */; };
		11866E09242E942400D9D3E3 /* UIViewControllerExtension.swift in Sources */ = {isa = PBXBuildFile; fileRef = 11866E08242E942400D9D3E3 /* UIViewControllerExtension.swift */; };
		118D3DA32444DC48004D92E6 /* BorderCurvedButton.swift in Sources */ = {isa = PBXBuildFile; fileRef = 118D3DA22444DC48004D92E6 /* BorderCurvedButton.swift */; };
		11B12BA82448F2D20001ACB2 /* RecoverViewController.swift in Sources */ = {isa = PBXBuildFile; fileRef = 11B12BA72448F2D20001ACB2 /* RecoverViewController.swift */; };
		11B12BAA2448F4E80001ACB2 /* NetworkLoader.swift in Sources */ = {isa = PBXBuildFile; fileRef = 11B12BA92448F4E80001ACB2 /* NetworkLoader.swift */; };
		11B12BAC2448F5450001ACB2 /* KeyChainServices.swift in Sources */ = {isa = PBXBuildFile; fileRef = 11B12BAB2448F5450001ACB2 /* KeyChainServices.swift */; };
		11B12BAE2448F5D70001ACB2 /* Api.swift in Sources */ = {isa = PBXBuildFile; fileRef = 11B12BAD2448F5D70001ACB2 /* Api.swift */; };
		11CB735C246AD2E200E086DC /* HashtagTableViewController.swift in Sources */ = {isa = PBXBuildFile; fileRef = 11CB735B246AD2E200E086DC /* HashtagTableViewController.swift */; };
		11CB7361246B285B00E086DC /* GooglePlacesSearchController in Frameworks */ = {isa = PBXBuildFile; productRef = 11CB7360246B285B00E086DC /* GooglePlacesSearchController */; };
		11CB7363246B3B1E00E086DC /* AddURLResponse.swift in Sources */ = {isa = PBXBuildFile; fileRef = 11CB7362246B3B1E00E086DC /* AddURLResponse.swift */; };
		11CB7366246C398000E086DC /* Kingfisher in Frameworks */ = {isa = PBXBuildFile; productRef = 11CB7365246C398000E086DC /* Kingfisher */; };
		11CB7368246ED22200E086DC /* Web.storyboard in Resources */ = {isa = PBXBuildFile; fileRef = 11CB7367246ED22200E086DC /* Web.storyboard */; };
		11CB736A246ED32800E086DC /* WebViewController.swift in Sources */ = {isa = PBXBuildFile; fileRef = 11CB7369246ED32800E086DC /* WebViewController.swift */; };
		11D483142447F0760061FA33 /* BorderImageView.swift in Sources */ = {isa = PBXBuildFile; fileRef = 11D483132447F0760061FA33 /* BorderImageView.swift */; };
		11ED64F5245758810037648C /* VerifyCodeResponse.swift in Sources */ = {isa = PBXBuildFile; fileRef = 11ED64F4245758810037648C /* VerifyCodeResponse.swift */; };
		11ED64F62457824E0037648C /* Home.storyboard in Resources */ = {isa = PBXBuildFile; fileRef = 116563BE2448BDB300860795 /* Home.storyboard */; };
		11FF0921242E7FE200A93AE0 /* IQKeyboardManagerSwift in Frameworks */ = {isa = PBXBuildFile; productRef = 11FF0920242E7FE200A93AE0 /* IQKeyboardManagerSwift */; };
		4152B790EE3CFF9705BB8060 /* Pods_cuauhtemocTests.framework in Frameworks */ = {isa = PBXBuildFile; fileRef = 10C2007884AD47FACEC77021 /* Pods_cuauhtemocTests.framework */; };
		552D00359A0D1AB13E65443B /* Pods_cuauhtemoc.framework in Frameworks */ = {isa = PBXBuildFile; fileRef = 197DE7B626E4DD4C786595EF /* Pods_cuauhtemoc.framework */; };
		573953B32337652A00D36609 /* ContenidoCompleto.swift in Sources */ = {isa = PBXBuildFile; fileRef = 573953B22337652A00D36609 /* ContenidoCompleto.swift */; };
		573953B52337F3C500D36609 /* VerContenidoViewController.swift in Sources */ = {isa = PBXBuildFile; fileRef = 573953B42337F3C500D36609 /* VerContenidoViewController.swift */; };
		573B56412338969300ADB2E3 /* Post.swift in Sources */ = {isa = PBXBuildFile; fileRef = 573B56402338969300ADB2E3 /* Post.swift */; };
		573B56432338972600ADB2E3 /* Recurso.swift in Sources */ = {isa = PBXBuildFile; fileRef = 573B56422338972600ADB2E3 /* Recurso.swift */; };
		573B5645233897CA00ADB2E3 /* Accion.swift in Sources */ = {isa = PBXBuildFile; fileRef = 573B5644233897CA00ADB2E3 /* Accion.swift */; };
		573B5647233899FF00ADB2E3 /* PostTableViewCell.swift in Sources */ = {isa = PBXBuildFile; fileRef = 573B5646233899FF00ADB2E3 /* PostTableViewCell.swift */; };
		573B564923389D9F00ADB2E3 /* PostCompleto.swift in Sources */ = {isa = PBXBuildFile; fileRef = 573B564823389D9F00ADB2E3 /* PostCompleto.swift */; };
		573B564B2338A8FA00ADB2E3 /* SelfSizedTableView.swift in Sources */ = {isa = PBXBuildFile; fileRef = 573B564A2338A8FA00ADB2E3 /* SelfSizedTableView.swift */; };
		573B564D2339F80C00ADB2E3 /* CargarOfertaViewController.swift in Sources */ = {isa = PBXBuildFile; fileRef = 573B564C2339F80C00ADB2E3 /* CargarOfertaViewController.swift */; };
		573B5651233B651000ADB2E3 /* ComentariosViewController.swift in Sources */ = {isa = PBXBuildFile; fileRef = 573B5650233B651000ADB2E3 /* ComentariosViewController.swift */; };
		573B5653233B674B00ADB2E3 /* Notificacion.swift in Sources */ = {isa = PBXBuildFile; fileRef = 573B5652233B674B00ADB2E3 /* Notificacion.swift */; };
		573B5655233B67DF00ADB2E3 /* DatoComentario.swift in Sources */ = {isa = PBXBuildFile; fileRef = 573B5654233B67DF00ADB2E3 /* DatoComentario.swift */; };
		573B5659233BF3E400ADB2E3 /* ComentariosTableViewCell.swift in Sources */ = {isa = PBXBuildFile; fileRef = 573B5658233BF3E400ADB2E3 /* ComentariosTableViewCell.swift */; };
		573B565B233C578C00ADB2E3 /* OfrecerTruequeViewController.swift in Sources */ = {isa = PBXBuildFile; fileRef = 573B565A233C578B00ADB2E3 /* OfrecerTruequeViewController.swift */; };
		573B565D233C6CF400ADB2E3 /* Perfil.swift in Sources */ = {isa = PBXBuildFile; fileRef = 573B565C233C6CF400ADB2E3 /* Perfil.swift */; };
		573B5660233C779800ADB2E3 /* PerfilCompleto.swift in Sources */ = {isa = PBXBuildFile; fileRef = 573B565F233C779800ADB2E3 /* PerfilCompleto.swift */; };
		573B5664233CE69F00ADB2E3 /* NotificacionesViewController.swift in Sources */ = {isa = PBXBuildFile; fileRef = 573B5663233CE69F00ADB2E3 /* NotificacionesViewController.swift */; };
		573B5666233CEAF900ADB2E3 /* NotificacionCompleto.swift in Sources */ = {isa = PBXBuildFile; fileRef = 573B5665233CEAF900ADB2E3 /* NotificacionCompleto.swift */; };
		573B5668233CEBF900ADB2E3 /* NotificacionesTableViewCell.swift in Sources */ = {isa = PBXBuildFile; fileRef = 573B5667233CEBF900ADB2E3 /* NotificacionesTableViewCell.swift */; };
		573B566A233CED8F00ADB2E3 /* PerfilCompletoViewController.swift in Sources */ = {isa = PBXBuildFile; fileRef = 573B5669233CED8F00ADB2E3 /* PerfilCompletoViewController.swift */; };
		573B5672233D00D900ADB2E3 /* PerfilTableViewCell.swift in Sources */ = {isa = PBXBuildFile; fileRef = 573B5671233D00D900ADB2E3 /* PerfilTableViewCell.swift */; };
		573B5678233D0BE800ADB2E3 /* MisContratacionesViewController.swift in Sources */ = {isa = PBXBuildFile; fileRef = 573B5677233D0BE800ADB2E3 /* MisContratacionesViewController.swift */; };
		573B567A233D0C0700ADB2E3 /* MisTruequesViewController.swift in Sources */ = {isa = PBXBuildFile; fileRef = 573B5679233D0C0700ADB2E3 /* MisTruequesViewController.swift */; };
		573B567C233D101400ADB2E3 /* ContratacionesTableViewCell.swift in Sources */ = {isa = PBXBuildFile; fileRef = 573B567B233D101400ADB2E3 /* ContratacionesTableViewCell.swift */; };
		573B567E233D127400ADB2E3 /* ChatViewController.swift in Sources */ = {isa = PBXBuildFile; fileRef = 573B567D233D127400ADB2E3 /* ChatViewController.swift */; };
		573B5680233D129F00ADB2E3 /* EditarPerfilViewController.swift in Sources */ = {isa = PBXBuildFile; fileRef = 573B567F233D129F00ADB2E3 /* EditarPerfilViewController.swift */; };
		574B6388232BDA2F00F4A29D /* AppDelegate.swift in Sources */ = {isa = PBXBuildFile; fileRef = 574B6387232BDA2F00F4A29D /* AppDelegate.swift */; };
		574B638A232BDA2F00F4A29D /* ViewController.swift in Sources */ = {isa = PBXBuildFile; fileRef = 574B6389232BDA2F00F4A29D /* ViewController.swift */; };
		574B638D232BDA2F00F4A29D /* Main.storyboard in Resources */ = {isa = PBXBuildFile; fileRef = 574B638B232BDA2F00F4A29D /* Main.storyboard */; };
		574B638F232BDA3100F4A29D /* Assets.xcassets in Resources */ = {isa = PBXBuildFile; fileRef = 574B638E232BDA3100F4A29D /* Assets.xcassets */; };
		574B6392232BDA3100F4A29D /* LaunchScreen.storyboard in Resources */ = {isa = PBXBuildFile; fileRef = 574B6390232BDA3100F4A29D /* LaunchScreen.storyboard */; };
		574B639D232BDA3100F4A29D /* cuauhtemocTests.swift in Sources */ = {isa = PBXBuildFile; fileRef = 574B639C232BDA3100F4A29D /* cuauhtemocTests.swift */; };
		574B63A8232BDA3100F4A29D /* cuauhtemocUITests.swift in Sources */ = {isa = PBXBuildFile; fileRef = 574B63A7232BDA3100F4A29D /* cuauhtemocUITests.swift */; };
		574B63C7232CBB2000F4A29D /* LoginViewController.swift in Sources */ = {isa = PBXBuildFile; fileRef = 574B63C6232CBB2000F4A29D /* LoginViewController.swift */; };
		574B63C9232CBBA700F4A29D /* RegistroViewController.swift in Sources */ = {isa = PBXBuildFile; fileRef = 574B63C8232CBBA700F4A29D /* RegistroViewController.swift */; };
		574B63CD232CBC4600F4A29D /* Strings.swift in Sources */ = {isa = PBXBuildFile; fileRef = 574B63CC232CBC4600F4A29D /* Strings.swift */; };
		574B63CF232CBC9500F4A29D /* WebServiceClient.swift in Sources */ = {isa = PBXBuildFile; fileRef = 574B63CE232CBC9500F4A29D /* WebServiceClient.swift */; };
		574B63D1232DC62E00F4A29D /* MenuViewController.swift in Sources */ = {isa = PBXBuildFile; fileRef = 574B63D0232DC62E00F4A29D /* MenuViewController.swift */; };
		574B63D5232DD15300F4A29D /* GoogleService-Info.plist in Resources */ = {isa = PBXBuildFile; fileRef = 574B63D4232DD15300F4A29D /* GoogleService-Info.plist */; };
		574B63D8232FF8CA00F4A29D /* PerfilViewController.swift in Sources */ = {isa = PBXBuildFile; fileRef = 574B63D7232FF8CA00F4A29D /* PerfilViewController.swift */; };
		574B63DA232FF90E00F4A29D /* ValidarCodigoViewController.swift in Sources */ = {isa = PBXBuildFile; fileRef = 574B63D9232FF90E00F4A29D /* ValidarCodigoViewController.swift */; };
		574B63DD23308F0600F4A29D /* ImagenesCollectionViewCell.swift in Sources */ = {isa = PBXBuildFile; fileRef = 574B63DC23308F0600F4A29D /* ImagenesCollectionViewCell.swift */; };
		574B63E0233091C100F4A29D /* Intereses.swift in Sources */ = {isa = PBXBuildFile; fileRef = 574B63DF233091C100F4A29D /* Intereses.swift */; };
		57AF9C232346AD5500784B32 /* FechaAlertView.xib in Resources */ = {isa = PBXBuildFile; fileRef = 57AF9C222346AD5500784B32 /* FechaAlertView.xib */; };
		57AF9C252346AEE700784B32 /* FechaAlertView.swift in Sources */ = {isa = PBXBuildFile; fileRef = 57AF9C242346AEE700784B32 /* FechaAlertView.swift */; };
		57BFD1C72334D4C4002A4EA3 /* InteresesViewController.swift in Sources */ = {isa = PBXBuildFile; fileRef = 57BFD1C62334D4C4002A4EA3 /* InteresesViewController.swift */; };
		57BFD1C9233688FB002A4EA3 /* PersonalizadoViewController.swift in Sources */ = {isa = PBXBuildFile; fileRef = 57BFD1C8233688FB002A4EA3 /* PersonalizadoViewController.swift */; };
		57BFD1F72337138D002A4EA3 /* ContenidoViewCell.swift in Sources */ = {isa = PBXBuildFile; fileRef = 57BFD1F62337138D002A4EA3 /* ContenidoViewCell.swift */; };
		57BFD1F923371564002A4EA3 /* SimpleHashCollectionViewCell.swift in Sources */ = {isa = PBXBuildFile; fileRef = 57BFD1F823371564002A4EA3 /* SimpleHashCollectionViewCell.swift */; };
		57BFD1FB233715FE002A4EA3 /* ContenidoViewController.swift in Sources */ = {isa = PBXBuildFile; fileRef = 57BFD1FA233715FE002A4EA3 /* ContenidoViewController.swift */; };
		57BFD1FD23371F8E002A4EA3 /* Contenido.swift in Sources */ = {isa = PBXBuildFile; fileRef = 57BFD1FC23371F8E002A4EA3 /* Contenido.swift */; };
		57BFD1FF233728E1002A4EA3 /* Usuario.swift in Sources */ = {isa = PBXBuildFile; fileRef = 57BFD1FE233728E1002A4EA3 /* Usuario.swift */; };
		57BFD20123372974002A4EA3 /* Keyword.swift in Sources */ = {isa = PBXBuildFile; fileRef = 57BFD20023372974002A4EA3 /* Keyword.swift */; };
		57BFD20323372E17002A4EA3 /* Establecimiento.swift in Sources */ = {isa = PBXBuildFile; fileRef = 57BFD20223372E17002A4EA3 /* Establecimiento.swift */; };
		E916A623795CDA7A48947E12 /* Pods_cuauhtemocUITests.framework in Frameworks */ = {isa = PBXBuildFile; fileRef = 4370429B21F2FFD717FB8C51 /* Pods_cuauhtemocUITests.framework */; };
/* End PBXBuildFile section */

/* Begin PBXContainerItemProxy section */
		574B6399232BDA3100F4A29D /* PBXContainerItemProxy */ = {
			isa = PBXContainerItemProxy;
			containerPortal = 574B637C232BDA2F00F4A29D /* Project object */;
			proxyType = 1;
			remoteGlobalIDString = 574B6383232BDA2F00F4A29D;
			remoteInfo = cuauhtemoc;
		};
		574B63A4232BDA3100F4A29D /* PBXContainerItemProxy */ = {
			isa = PBXContainerItemProxy;
			containerPortal = 574B637C232BDA2F00F4A29D /* Project object */;
			proxyType = 1;
			remoteGlobalIDString = 574B6383232BDA2F00F4A29D;
			remoteInfo = cuauhtemoc;
		};
/* End PBXContainerItemProxy section */

/* Begin PBXFileReference section */
		10C2007884AD47FACEC77021 /* Pods_cuauhtemocTests.framework */ = {isa = PBXFileReference; explicitFileType = wrapper.framework; includeInIndex = 0; path = Pods_cuauhtemocTests.framework; sourceTree = BUILT_PRODUCTS_DIR; };
		11286812243F7D5B00F6BD58 /* Colors.xcassets */ = {isa = PBXFileReference; lastKnownFileType = folder.assetcatalog; path = Colors.xcassets; sourceTree = "<group>"; };
		11286814243F997700F6BD58 /* BorderCardView.swift */ = {isa = PBXFileReference; lastKnownFileType = sourcecode.swift; path = BorderCardView.swift; sourceTree = "<group>"; };
		11286816243FBD5100F6BD58 /* BorderTextField.swift */ = {isa = PBXFileReference; lastKnownFileType = sourcecode.swift; path = BorderTextField.swift; sourceTree = "<group>"; };
		11286818243FCAE200F6BD58 /* ExtensionUIIMage.swift */ = {isa = PBXFileReference; lastKnownFileType = sourcecode.swift; path = ExtensionUIIMage.swift; sourceTree = "<group>"; };
		1128681A244118AE00F6BD58 /* CustomSegmentedControl.swift */ = {isa = PBXFileReference; lastKnownFileType = sourcecode.swift; path = CustomSegmentedControl.swift; sourceTree = "<group>"; };
		1138462A2453AB2E007C4624 /* RegisterResponse.swift */ = {isa = PBXFileReference; lastKnownFileType = sourcecode.swift; path = RegisterResponse.swift; sourceTree = "<group>"; };
		116563BE2448BDB300860795 /* Home.storyboard */ = {isa = PBXFileReference; lastKnownFileType = file.storyboard; path = Home.storyboard; sourceTree = "<group>"; };
		116563BF2448BE3000860795 /* perfil.storyboard */ = {isa = PBXFileReference; fileEncoding = 4; lastKnownFileType = file.storyboard; path = perfil.storyboard; sourceTree = "<group>"; };
		1176FECE2448EE1000648239 /* oferta.storyboard */ = {isa = PBXFileReference; fileEncoding = 4; lastKnownFileType = file.storyboard; path = oferta.storyboard; sourceTree = "<group>"; };
		1176FED02448EE6700648239 /* Notifications.storyboard */ = {isa = PBXFileReference; fileEncoding = 4; lastKnownFileType = file.storyboard; path = Notifications.storyboard; sourceTree = "<group>"; };
		1176FED22448EF8A00648239 /* conecta.storyboard */ = {isa = PBXFileReference; fileEncoding = 4; lastKnownFileType = file.storyboard; path = conecta.storyboard; sourceTree = "<group>"; };
		11866E08242E942400D9D3E3 /* UIViewControllerExtension.swift */ = {isa = PBXFileReference; lastKnownFileType = sourcecode.swift; path = UIViewControllerExtension.swift; sourceTree = "<group>"; };
		118D3DA22444DC48004D92E6 /* BorderCurvedButton.swift */ = {isa = PBXFileReference; lastKnownFileType = sourcecode.swift; path = BorderCurvedButton.swift; sourceTree = "<group>"; };
		11B12BA72448F2D20001ACB2 /* RecoverViewController.swift */ = {isa = PBXFileReference; lastKnownFileType = sourcecode.swift; path = RecoverViewController.swift; sourceTree = "<group>"; };
		11B12BA92448F4E80001ACB2 /* NetworkLoader.swift */ = {isa = PBXFileReference; lastKnownFileType = sourcecode.swift; path = NetworkLoader.swift; sourceTree = "<group>"; };
		11B12BAB2448F5450001ACB2 /* KeyChainServices.swift */ = {isa = PBXFileReference; fileEncoding = 4; lastKnownFileType = sourcecode.swift; path = KeyChainServices.swift; sourceTree = "<group>"; };
		11B12BAD2448F5D70001ACB2 /* Api.swift */ = {isa = PBXFileReference; lastKnownFileType = sourcecode.swift; path = Api.swift; sourceTree = "<group>"; };
		11CB735B246AD2E200E086DC /* HashtagTableViewController.swift */ = {isa = PBXFileReference; lastKnownFileType = sourcecode.swift; path = HashtagTableViewController.swift; sourceTree = "<group>"; };
		11CB7362246B3B1E00E086DC /* AddURLResponse.swift */ = {isa = PBXFileReference; lastKnownFileType = sourcecode.swift; path = AddURLResponse.swift; sourceTree = "<group>"; };
		11CB7367246ED22200E086DC /* Web.storyboard */ = {isa = PBXFileReference; lastKnownFileType = file.storyboard; path = Web.storyboard; sourceTree = "<group>"; };
		11CB7369246ED32800E086DC /* WebViewController.swift */ = {isa = PBXFileReference; lastKnownFileType = sourcecode.swift; path = WebViewController.swift; sourceTree = "<group>"; };
		11D483132447F0760061FA33 /* BorderImageView.swift */ = {isa = PBXFileReference; lastKnownFileType = sourcecode.swift; path = BorderImageView.swift; sourceTree = "<group>"; };
		11ED64F4245758810037648C /* VerifyCodeResponse.swift */ = {isa = PBXFileReference; lastKnownFileType = sourcecode.swift; path = VerifyCodeResponse.swift; sourceTree = "<group>"; };
		197DE7B626E4DD4C786595EF /* Pods_cuauhtemoc.framework */ = {isa = PBXFileReference; explicitFileType = wrapper.framework; includeInIndex = 0; path = Pods_cuauhtemoc.framework; sourceTree = BUILT_PRODUCTS_DIR; };
		4370429B21F2FFD717FB8C51 /* Pods_cuauhtemocUITests.framework */ = {isa = PBXFileReference; explicitFileType = wrapper.framework; includeInIndex = 0; path = Pods_cuauhtemocUITests.framework; sourceTree = BUILT_PRODUCTS_DIR; };
		573953B22337652A00D36609 /* ContenidoCompleto.swift */ = {isa = PBXFileReference; lastKnownFileType = sourcecode.swift; path = ContenidoCompleto.swift; sourceTree = "<group>"; };
		573953B42337F3C500D36609 /* VerContenidoViewController.swift */ = {isa = PBXFileReference; lastKnownFileType = sourcecode.swift; path = VerContenidoViewController.swift; sourceTree = "<group>"; };
		573B56402338969300ADB2E3 /* Post.swift */ = {isa = PBXFileReference; lastKnownFileType = sourcecode.swift; path = Post.swift; sourceTree = "<group>"; };
		573B56422338972600ADB2E3 /* Recurso.swift */ = {isa = PBXFileReference; lastKnownFileType = sourcecode.swift; path = Recurso.swift; sourceTree = "<group>"; };
		573B5644233897CA00ADB2E3 /* Accion.swift */ = {isa = PBXFileReference; lastKnownFileType = sourcecode.swift; path = Accion.swift; sourceTree = "<group>"; };
		573B5646233899FF00ADB2E3 /* PostTableViewCell.swift */ = {isa = PBXFileReference; lastKnownFileType = sourcecode.swift; path = PostTableViewCell.swift; sourceTree = "<group>"; };
		573B564823389D9F00ADB2E3 /* PostCompleto.swift */ = {isa = PBXFileReference; lastKnownFileType = sourcecode.swift; path = PostCompleto.swift; sourceTree = "<group>"; };
		573B564A2338A8FA00ADB2E3 /* SelfSizedTableView.swift */ = {isa = PBXFileReference; lastKnownFileType = sourcecode.swift; path = SelfSizedTableView.swift; sourceTree = "<group>"; };
		573B564C2339F80C00ADB2E3 /* CargarOfertaViewController.swift */ = {isa = PBXFileReference; lastKnownFileType = sourcecode.swift; path = CargarOfertaViewController.swift; sourceTree = "<group>"; };
		573B5650233B651000ADB2E3 /* ComentariosViewController.swift */ = {isa = PBXFileReference; lastKnownFileType = sourcecode.swift; path = ComentariosViewController.swift; sourceTree = "<group>"; };
		573B5652233B674B00ADB2E3 /* Notificacion.swift */ = {isa = PBXFileReference; lastKnownFileType = sourcecode.swift; path = Notificacion.swift; sourceTree = "<group>"; };
		573B5654233B67DF00ADB2E3 /* DatoComentario.swift */ = {isa = PBXFileReference; lastKnownFileType = sourcecode.swift; path = DatoComentario.swift; sourceTree = "<group>"; };
		573B5658233BF3E400ADB2E3 /* ComentariosTableViewCell.swift */ = {isa = PBXFileReference; lastKnownFileType = sourcecode.swift; path = ComentariosTableViewCell.swift; sourceTree = "<group>"; };
		573B565A233C578B00ADB2E3 /* OfrecerTruequeViewController.swift */ = {isa = PBXFileReference; lastKnownFileType = sourcecode.swift; path = OfrecerTruequeViewController.swift; sourceTree = "<group>"; };
		573B565C233C6CF400ADB2E3 /* Perfil.swift */ = {isa = PBXFileReference; lastKnownFileType = sourcecode.swift; path = Perfil.swift; sourceTree = "<group>"; };
		573B565F233C779800ADB2E3 /* PerfilCompleto.swift */ = {isa = PBXFileReference; lastKnownFileType = sourcecode.swift; path = PerfilCompleto.swift; sourceTree = "<group>"; };
		573B5663233CE69F00ADB2E3 /* NotificacionesViewController.swift */ = {isa = PBXFileReference; lastKnownFileType = sourcecode.swift; path = NotificacionesViewController.swift; sourceTree = "<group>"; };
		573B5665233CEAF900ADB2E3 /* NotificacionCompleto.swift */ = {isa = PBXFileReference; lastKnownFileType = sourcecode.swift; path = NotificacionCompleto.swift; sourceTree = "<group>"; };
		573B5667233CEBF900ADB2E3 /* NotificacionesTableViewCell.swift */ = {isa = PBXFileReference; lastKnownFileType = sourcecode.swift; path = NotificacionesTableViewCell.swift; sourceTree = "<group>"; };
		573B5669233CED8F00ADB2E3 /* PerfilCompletoViewController.swift */ = {isa = PBXFileReference; lastKnownFileType = sourcecode.swift; path = PerfilCompletoViewController.swift; sourceTree = "<group>"; };
		573B5671233D00D900ADB2E3 /* PerfilTableViewCell.swift */ = {isa = PBXFileReference; lastKnownFileType = sourcecode.swift; path = PerfilTableViewCell.swift; sourceTree = "<group>"; };
		573B5677233D0BE800ADB2E3 /* MisContratacionesViewController.swift */ = {isa = PBXFileReference; lastKnownFileType = sourcecode.swift; path = MisContratacionesViewController.swift; sourceTree = "<group>"; };
		573B5679233D0C0700ADB2E3 /* MisTruequesViewController.swift */ = {isa = PBXFileReference; lastKnownFileType = sourcecode.swift; path = MisTruequesViewController.swift; sourceTree = "<group>"; };
		573B567B233D101400ADB2E3 /* ContratacionesTableViewCell.swift */ = {isa = PBXFileReference; lastKnownFileType = sourcecode.swift; path = ContratacionesTableViewCell.swift; sourceTree = "<group>"; };
		573B567D233D127400ADB2E3 /* ChatViewController.swift */ = {isa = PBXFileReference; lastKnownFileType = sourcecode.swift; path = ChatViewController.swift; sourceTree = "<group>"; };
		573B567F233D129F00ADB2E3 /* EditarPerfilViewController.swift */ = {isa = PBXFileReference; lastKnownFileType = sourcecode.swift; path = EditarPerfilViewController.swift; sourceTree = "<group>"; };
		574B6384232BDA2F00F4A29D /* cuauhtemoc.app */ = {isa = PBXFileReference; explicitFileType = wrapper.application; includeInIndex = 0; path = cuauhtemoc.app; sourceTree = BUILT_PRODUCTS_DIR; };
		574B6387232BDA2F00F4A29D /* AppDelegate.swift */ = {isa = PBXFileReference; lastKnownFileType = sourcecode.swift; path = AppDelegate.swift; sourceTree = "<group>"; };
		574B6389232BDA2F00F4A29D /* ViewController.swift */ = {isa = PBXFileReference; lastKnownFileType = sourcecode.swift; path = ViewController.swift; sourceTree = "<group>"; };
		574B638C232BDA2F00F4A29D /* Base */ = {isa = PBXFileReference; lastKnownFileType = file.storyboard; name = Base; path = Base.lproj/Main.storyboard; sourceTree = "<group>"; };
		574B638E232BDA3100F4A29D /* Assets.xcassets */ = {isa = PBXFileReference; lastKnownFileType = folder.assetcatalog; path = Assets.xcassets; sourceTree = "<group>"; };
		574B6391232BDA3100F4A29D /* Base */ = {isa = PBXFileReference; lastKnownFileType = file.storyboard; name = Base; path = Base.lproj/LaunchScreen.storyboard; sourceTree = "<group>"; };
		574B6393232BDA3100F4A29D /* Info.plist */ = {isa = PBXFileReference; lastKnownFileType = text.plist.xml; path = Info.plist; sourceTree = "<group>"; };
		574B6398232BDA3100F4A29D /* cuauhtemocTests.xctest */ = {isa = PBXFileReference; explicitFileType = wrapper.cfbundle; includeInIndex = 0; path = cuauhtemocTests.xctest; sourceTree = BUILT_PRODUCTS_DIR; };
		574B639C232BDA3100F4A29D /* cuauhtemocTests.swift */ = {isa = PBXFileReference; lastKnownFileType = sourcecode.swift; path = cuauhtemocTests.swift; sourceTree = "<group>"; };
		574B639E232BDA3100F4A29D /* Info.plist */ = {isa = PBXFileReference; lastKnownFileType = text.plist.xml; path = Info.plist; sourceTree = "<group>"; };
		574B63A3232BDA3100F4A29D /* cuauhtemocUITests.xctest */ = {isa = PBXFileReference; explicitFileType = wrapper.cfbundle; includeInIndex = 0; path = cuauhtemocUITests.xctest; sourceTree = BUILT_PRODUCTS_DIR; };
		574B63A7232BDA3100F4A29D /* cuauhtemocUITests.swift */ = {isa = PBXFileReference; lastKnownFileType = sourcecode.swift; path = cuauhtemocUITests.swift; sourceTree = "<group>"; };
		574B63A9232BDA3100F4A29D /* Info.plist */ = {isa = PBXFileReference; lastKnownFileType = text.plist.xml; path = Info.plist; sourceTree = "<group>"; };
		574B63C6232CBB2000F4A29D /* LoginViewController.swift */ = {isa = PBXFileReference; lastKnownFileType = sourcecode.swift; path = LoginViewController.swift; sourceTree = "<group>"; };
		574B63C8232CBBA700F4A29D /* RegistroViewController.swift */ = {isa = PBXFileReference; lastKnownFileType = sourcecode.swift; path = RegistroViewController.swift; sourceTree = "<group>"; };
		574B63CC232CBC4600F4A29D /* Strings.swift */ = {isa = PBXFileReference; lastKnownFileType = sourcecode.swift; path = Strings.swift; sourceTree = "<group>"; };
		574B63CE232CBC9500F4A29D /* WebServiceClient.swift */ = {isa = PBXFileReference; lastKnownFileType = sourcecode.swift; path = WebServiceClient.swift; sourceTree = "<group>"; };
		574B63D0232DC62E00F4A29D /* MenuViewController.swift */ = {isa = PBXFileReference; lastKnownFileType = sourcecode.swift; path = MenuViewController.swift; sourceTree = "<group>"; };
		574B63D4232DD15300F4A29D /* GoogleService-Info.plist */ = {isa = PBXFileReference; fileEncoding = 4; lastKnownFileType = text.plist.xml; path = "GoogleService-Info.plist"; sourceTree = SOURCE_ROOT; };
		574B63D6232DD30C00F4A29D /* cuauhtemoc.entitlements */ = {isa = PBXFileReference; lastKnownFileType = text.plist.entitlements; path = cuauhtemoc.entitlements; sourceTree = "<group>"; };
		574B63D7232FF8CA00F4A29D /* PerfilViewController.swift */ = {isa = PBXFileReference; lastKnownFileType = sourcecode.swift; path = PerfilViewController.swift; sourceTree = "<group>"; };
		574B63D9232FF90E00F4A29D /* ValidarCodigoViewController.swift */ = {isa = PBXFileReference; lastKnownFileType = sourcecode.swift; path = ValidarCodigoViewController.swift; sourceTree = "<group>"; };
		574B63DC23308F0600F4A29D /* ImagenesCollectionViewCell.swift */ = {isa = PBXFileReference; lastKnownFileType = sourcecode.swift; path = ImagenesCollectionViewCell.swift; sourceTree = "<group>"; };
		574B63DF233091C100F4A29D /* Intereses.swift */ = {isa = PBXFileReference; lastKnownFileType = sourcecode.swift; path = Intereses.swift; sourceTree = "<group>"; };
		57AF9C222346AD5500784B32 /* FechaAlertView.xib */ = {isa = PBXFileReference; lastKnownFileType = file.xib; path = FechaAlertView.xib; sourceTree = "<group>"; };
		57AF9C242346AEE700784B32 /* FechaAlertView.swift */ = {isa = PBXFileReference; lastKnownFileType = sourcecode.swift; path = FechaAlertView.swift; sourceTree = "<group>"; };
		57BFD1C62334D4C4002A4EA3 /* InteresesViewController.swift */ = {isa = PBXFileReference; lastKnownFileType = sourcecode.swift; path = InteresesViewController.swift; sourceTree = "<group>"; };
		57BFD1C8233688FB002A4EA3 /* PersonalizadoViewController.swift */ = {isa = PBXFileReference; lastKnownFileType = sourcecode.swift; path = PersonalizadoViewController.swift; sourceTree = "<group>"; };
		57BFD1F62337138D002A4EA3 /* ContenidoViewCell.swift */ = {isa = PBXFileReference; lastKnownFileType = sourcecode.swift; path = ContenidoViewCell.swift; sourceTree = "<group>"; };
		57BFD1F823371564002A4EA3 /* SimpleHashCollectionViewCell.swift */ = {isa = PBXFileReference; lastKnownFileType = sourcecode.swift; path = SimpleHashCollectionViewCell.swift; sourceTree = "<group>"; };
		57BFD1FA233715FE002A4EA3 /* ContenidoViewController.swift */ = {isa = PBXFileReference; lastKnownFileType = sourcecode.swift; path = ContenidoViewController.swift; sourceTree = "<group>"; };
		57BFD1FC23371F8E002A4EA3 /* Contenido.swift */ = {isa = PBXFileReference; lastKnownFileType = sourcecode.swift; path = Contenido.swift; sourceTree = "<group>"; };
		57BFD1FE233728E1002A4EA3 /* Usuario.swift */ = {isa = PBXFileReference; lastKnownFileType = sourcecode.swift; path = Usuario.swift; sourceTree = "<group>"; };
		57BFD20023372974002A4EA3 /* Keyword.swift */ = {isa = PBXFileReference; lastKnownFileType = sourcecode.swift; path = Keyword.swift; sourceTree = "<group>"; };
		57BFD20223372E17002A4EA3 /* Establecimiento.swift */ = {isa = PBXFileReference; lastKnownFileType = sourcecode.swift; path = Establecimiento.swift; sourceTree = "<group>"; };
		B0AAAAC0ADD18C2F2EB2CF97 /* Pods-cuauhtemocTests.debug.xcconfig */ = {isa = PBXFileReference; includeInIndex = 1; lastKnownFileType = text.xcconfig; name = "Pods-cuauhtemocTests.debug.xcconfig"; path = "Target Support Files/Pods-cuauhtemocTests/Pods-cuauhtemocTests.debug.xcconfig"; sourceTree = "<group>"; };
		B98B21D730611682892EB614 /* Pods-cuauhtemocUITests.release.xcconfig */ = {isa = PBXFileReference; includeInIndex = 1; lastKnownFileType = text.xcconfig; name = "Pods-cuauhtemocUITests.release.xcconfig"; path = "Target Support Files/Pods-cuauhtemocUITests/Pods-cuauhtemocUITests.release.xcconfig"; sourceTree = "<group>"; };
		C3EA4DFFBF92E9B09811BF60 /* Pods-cuauhtemoc.debug.xcconfig */ = {isa = PBXFileReference; includeInIndex = 1; lastKnownFileType = text.xcconfig; name = "Pods-cuauhtemoc.debug.xcconfig"; path = "Target Support Files/Pods-cuauhtemoc/Pods-cuauhtemoc.debug.xcconfig"; sourceTree = "<group>"; };
		D73A5F93D650C2D3C143568E /* Pods-cuauhtemocTests.release.xcconfig */ = {isa = PBXFileReference; includeInIndex = 1; lastKnownFileType = text.xcconfig; name = "Pods-cuauhtemocTests.release.xcconfig"; path = "Target Support Files/Pods-cuauhtemocTests/Pods-cuauhtemocTests.release.xcconfig"; sourceTree = "<group>"; };
		EEFA1A54217006DC02C6AD03 /* Pods-cuauhtemocUITests.debug.xcconfig */ = {isa = PBXFileReference; includeInIndex = 1; lastKnownFileType = text.xcconfig; name = "Pods-cuauhtemocUITests.debug.xcconfig"; path = "Target Support Files/Pods-cuauhtemocUITests/Pods-cuauhtemocUITests.debug.xcconfig"; sourceTree = "<group>"; };
		FB454BC4A40A07A9AF99BE7F /* Pods-cuauhtemoc.release.xcconfig */ = {isa = PBXFileReference; includeInIndex = 1; lastKnownFileType = text.xcconfig; name = "Pods-cuauhtemoc.release.xcconfig"; path = "Target Support Files/Pods-cuauhtemoc/Pods-cuauhtemoc.release.xcconfig"; sourceTree = "<group>"; };
/* End PBXFileReference section */

/* Begin PBXFrameworksBuildPhase section */
		574B6381232BDA2F00F4A29D /* Frameworks */ = {
			isa = PBXFrameworksBuildPhase;
			buildActionMask = 2147483647;
			files = (
				116F43B4242E8C700041F301 /* ActivityIndicator in Frameworks */,
				552D00359A0D1AB13E65443B /* Pods_cuauhtemoc.framework in Frameworks */,
				11FF0921242E7FE200A93AE0 /* IQKeyboardManagerSwift in Frameworks */,
				11CB7361246B285B00E086DC /* GooglePlacesSearchController in Frameworks */,
				11CB7366246C398000E086DC /* Kingfisher in Frameworks */,
			);
			runOnlyForDeploymentPostprocessing = 0;
		};
		574B6395232BDA3100F4A29D /* Frameworks */ = {
			isa = PBXFrameworksBuildPhase;
			buildActionMask = 2147483647;
			files = (
				4152B790EE3CFF9705BB8060 /* Pods_cuauhtemocTests.framework in Frameworks */,
			);
			runOnlyForDeploymentPostprocessing = 0;
		};
		574B63A0232BDA3100F4A29D /* Frameworks */ = {
			isa = PBXFrameworksBuildPhase;
			buildActionMask = 2147483647;
			files = (
				E916A623795CDA7A48947E12 /* Pods_cuauhtemocUITests.framework in Frameworks */,
			);
			runOnlyForDeploymentPostprocessing = 0;
		};
/* End PBXFrameworksBuildPhase section */

/* Begin PBXGroup section */
		574B637B232BDA2F00F4A29D = {
			isa = PBXGroup;
			children = (
				574B6386232BDA2F00F4A29D /* cuauhtemoc */,
				574B639B232BDA3100F4A29D /* cuauhtemocTests */,
				574B63A6232BDA3100F4A29D /* cuauhtemocUITests */,
				574B6385232BDA2F00F4A29D /* Products */,
				D66BE010F0E59ED56385CACF /* Pods */,
				9F48EF84839FE7F98A6C7D60 /* Frameworks */,
			);
			sourceTree = "<group>";
		};
		574B6385232BDA2F00F4A29D /* Products */ = {
			isa = PBXGroup;
			children = (
				574B6384232BDA2F00F4A29D /* cuauhtemoc.app */,
				574B6398232BDA3100F4A29D /* cuauhtemocTests.xctest */,
				574B63A3232BDA3100F4A29D /* cuauhtemocUITests.xctest */,
			);
			name = Products;
			sourceTree = "<group>";
		};
		574B6386232BDA2F00F4A29D /* cuauhtemoc */ = {
			isa = PBXGroup;
			children = (
				574B63D6232DD30C00F4A29D /* cuauhtemoc.entitlements */,
				57AF9C212346AD3C00784B32 /* customView */,
				574B63DE233091B400F4A29D /* modelo */,
				574B63DB23308EEF00F4A29D /* cell */,
				574B63CB232CBC2600F4A29D /* utils */,
				574B63CA232CBBEF00F4A29D /* ws */,
				574B63C5232CB6B500F4A29D /* controller */,
				574B6387232BDA2F00F4A29D /* AppDelegate.swift */,
				574B6389232BDA2F00F4A29D /* ViewController.swift */,
				116563BE2448BDB300860795 /* Home.storyboard */,
				11CB7367246ED22200E086DC /* Web.storyboard */,
				1176FED22448EF8A00648239 /* conecta.storyboard */,
				1176FED02448EE6700648239 /* Notifications.storyboard */,
				1176FECE2448EE1000648239 /* oferta.storyboard */,
				116563BF2448BE3000860795 /* perfil.storyboard */,
				574B638B232BDA2F00F4A29D /* Main.storyboard */,
				574B638E232BDA3100F4A29D /* Assets.xcassets */,
				574B6390232BDA3100F4A29D /* LaunchScreen.storyboard */,
				574B6393232BDA3100F4A29D /* Info.plist */,
				574B63D4232DD15300F4A29D /* GoogleService-Info.plist */,
				11286812243F7D5B00F6BD58 /* Colors.xcassets */,
			);
			path = cuauhtemoc;
			sourceTree = "<group>";
		};
		574B639B232BDA3100F4A29D /* cuauhtemocTests */ = {
			isa = PBXGroup;
			children = (
				574B639C232BDA3100F4A29D /* cuauhtemocTests.swift */,
				574B639E232BDA3100F4A29D /* Info.plist */,
			);
			path = cuauhtemocTests;
			sourceTree = "<group>";
		};
		574B63A6232BDA3100F4A29D /* cuauhtemocUITests */ = {
			isa = PBXGroup;
			children = (
				574B63A7232BDA3100F4A29D /* cuauhtemocUITests.swift */,
				574B63A9232BDA3100F4A29D /* Info.plist */,
			);
			path = cuauhtemocUITests;
			sourceTree = "<group>";
		};
		574B63C5232CB6B500F4A29D /* controller */ = {
			isa = PBXGroup;
			children = (
				574B63C6232CBB2000F4A29D /* LoginViewController.swift */,
				574B63C8232CBBA700F4A29D /* RegistroViewController.swift */,
				574B63D9232FF90E00F4A29D /* ValidarCodigoViewController.swift */,
				574B63D7232FF8CA00F4A29D /* PerfilViewController.swift */,
				57BFD1C62334D4C4002A4EA3 /* InteresesViewController.swift */,
				57BFD1C8233688FB002A4EA3 /* PersonalizadoViewController.swift */,
				574B63D0232DC62E00F4A29D /* MenuViewController.swift */,
				57BFD1FA233715FE002A4EA3 /* ContenidoViewController.swift */,
				573953B42337F3C500D36609 /* VerContenidoViewController.swift */,
				573B564C2339F80C00ADB2E3 /* CargarOfertaViewController.swift */,
				573B5650233B651000ADB2E3 /* ComentariosViewController.swift */,
				573B565A233C578B00ADB2E3 /* OfrecerTruequeViewController.swift */,
				573B5663233CE69F00ADB2E3 /* NotificacionesViewController.swift */,
				573B5669233CED8F00ADB2E3 /* PerfilCompletoViewController.swift */,
				573B5677233D0BE800ADB2E3 /* MisContratacionesViewController.swift */,
				573B5679233D0C0700ADB2E3 /* MisTruequesViewController.swift */,
				573B567D233D127400ADB2E3 /* ChatViewController.swift */,
				573B567F233D129F00ADB2E3 /* EditarPerfilViewController.swift */,
				11B12BA72448F2D20001ACB2 /* RecoverViewController.swift */,
				11CB735B246AD2E200E086DC /* HashtagTableViewController.swift */,
				11CB7369246ED32800E086DC /* WebViewController.swift */,
			);
			path = controller;
			sourceTree = "<group>";
		};
		574B63CA232CBBEF00F4A29D /* ws */ = {
			isa = PBXGroup;
			children = (
				574B63CE232CBC9500F4A29D /* WebServiceClient.swift */,
				11B12BA92448F4E80001ACB2 /* NetworkLoader.swift */,
				11B12BAD2448F5D70001ACB2 /* Api.swift */,
			);
			path = ws;
			sourceTree = "<group>";
		};
		574B63CB232CBC2600F4A29D /* utils */ = {
			isa = PBXGroup;
			children = (
				11B12BAB2448F5450001ACB2 /* KeyChainServices.swift */,
				574B63CC232CBC4600F4A29D /* Strings.swift */,
				573B564A2338A8FA00ADB2E3 /* SelfSizedTableView.swift */,
				57AF9C242346AEE700784B32 /* FechaAlertView.swift */,
				11866E08242E942400D9D3E3 /* UIViewControllerExtension.swift */,
				11286818243FCAE200F6BD58 /* ExtensionUIIMage.swift */,
			);
			path = utils;
			sourceTree = "<group>";
		};
		574B63DB23308EEF00F4A29D /* cell */ = {
			isa = PBXGroup;
			children = (
				574B63DC23308F0600F4A29D /* ImagenesCollectionViewCell.swift */,
				57BFD1F62337138D002A4EA3 /* ContenidoViewCell.swift */,
				57BFD1F823371564002A4EA3 /* SimpleHashCollectionViewCell.swift */,
				573B5646233899FF00ADB2E3 /* PostTableViewCell.swift */,
				573B5658233BF3E400ADB2E3 /* ComentariosTableViewCell.swift */,
				573B5667233CEBF900ADB2E3 /* NotificacionesTableViewCell.swift */,
				573B5671233D00D900ADB2E3 /* PerfilTableViewCell.swift */,
				573B567B233D101400ADB2E3 /* ContratacionesTableViewCell.swift */,
			);
			path = cell;
			sourceTree = "<group>";
		};
		574B63DE233091B400F4A29D /* modelo */ = {
			isa = PBXGroup;
			children = (
				574B63DF233091C100F4A29D /* Intereses.swift */,
				57BFD1FC23371F8E002A4EA3 /* Contenido.swift */,
				57BFD1FE233728E1002A4EA3 /* Usuario.swift */,
				57BFD20023372974002A4EA3 /* Keyword.swift */,
				57BFD20223372E17002A4EA3 /* Establecimiento.swift */,
				573953B22337652A00D36609 /* ContenidoCompleto.swift */,
				573B56402338969300ADB2E3 /* Post.swift */,
				573B56422338972600ADB2E3 /* Recurso.swift */,
				573B5644233897CA00ADB2E3 /* Accion.swift */,
				573B564823389D9F00ADB2E3 /* PostCompleto.swift */,
				573B5652233B674B00ADB2E3 /* Notificacion.swift */,
				573B5654233B67DF00ADB2E3 /* DatoComentario.swift */,
				573B565C233C6CF400ADB2E3 /* Perfil.swift */,
				573B565F233C779800ADB2E3 /* PerfilCompleto.swift */,
				573B5665233CEAF900ADB2E3 /* NotificacionCompleto.swift */,
				1138462A2453AB2E007C4624 /* RegisterResponse.swift */,
				11ED64F4245758810037648C /* VerifyCodeResponse.swift */,
				11CB7362246B3B1E00E086DC /* AddURLResponse.swift */,
			);
			path = modelo;
			sourceTree = "<group>";
		};
		57AF9C212346AD3C00784B32 /* customView */ = {
			isa = PBXGroup;
			children = (
				57AF9C222346AD5500784B32 /* FechaAlertView.xib */,
				11286814243F997700F6BD58 /* BorderCardView.swift */,
				11286816243FBD5100F6BD58 /* BorderTextField.swift */,
				1128681A244118AE00F6BD58 /* CustomSegmentedControl.swift */,
				118D3DA22444DC48004D92E6 /* BorderCurvedButton.swift */,
				11D483132447F0760061FA33 /* BorderImageView.swift */,
			);
			path = customView;
			sourceTree = "<group>";
		};
		9F48EF84839FE7F98A6C7D60 /* Frameworks */ = {
			isa = PBXGroup;
			children = (
				197DE7B626E4DD4C786595EF /* Pods_cuauhtemoc.framework */,
				10C2007884AD47FACEC77021 /* Pods_cuauhtemocTests.framework */,
				4370429B21F2FFD717FB8C51 /* Pods_cuauhtemocUITests.framework */,
			);
			name = Frameworks;
			sourceTree = "<group>";
		};
		D66BE010F0E59ED56385CACF /* Pods */ = {
			isa = PBXGroup;
			children = (
				C3EA4DFFBF92E9B09811BF60 /* Pods-cuauhtemoc.debug.xcconfig */,
				FB454BC4A40A07A9AF99BE7F /* Pods-cuauhtemoc.release.xcconfig */,
				B0AAAAC0ADD18C2F2EB2CF97 /* Pods-cuauhtemocTests.debug.xcconfig */,
				D73A5F93D650C2D3C143568E /* Pods-cuauhtemocTests.release.xcconfig */,
				EEFA1A54217006DC02C6AD03 /* Pods-cuauhtemocUITests.debug.xcconfig */,
				B98B21D730611682892EB614 /* Pods-cuauhtemocUITests.release.xcconfig */,
			);
			path = Pods;
			sourceTree = "<group>";
		};
/* End PBXGroup section */

/* Begin PBXNativeTarget section */
		574B6383232BDA2F00F4A29D /* cuauhtemoc */ = {
			isa = PBXNativeTarget;
			buildConfigurationList = 574B63AC232BDA3100F4A29D /* Build configuration list for PBXNativeTarget "cuauhtemoc" */;
			buildPhases = (
				A01A5116D9A5D6BEB8DDAB1A /* [CP] Check Pods Manifest.lock */,
				574B6380232BDA2F00F4A29D /* Sources */,
				574B6381232BDA2F00F4A29D /* Frameworks */,
				574B6382232BDA2F00F4A29D /* Resources */,
				FB1818BDCB327AE30003D1D6 /* [CP] Embed Pods Frameworks */,
				FFFF37D892B7C1BC92E121BE /* [CP] Copy Pods Resources */,
			);
			buildRules = (
			);
			dependencies = (
			);
			name = cuauhtemoc;
			packageProductDependencies = (
				11FF0920242E7FE200A93AE0 /* IQKeyboardManagerSwift */,
				116F43B3242E8C700041F301 /* ActivityIndicator */,
				11CB7360246B285B00E086DC /* GooglePlacesSearchController */,
				11CB7365246C398000E086DC /* Kingfisher */,
			);
			productName = cuauhtemoc;
			productReference = 574B6384232BDA2F00F4A29D /* cuauhtemoc.app */;
			productType = "com.apple.product-type.application";
		};
		574B6397232BDA3100F4A29D /* cuauhtemocTests */ = {
			isa = PBXNativeTarget;
			buildConfigurationList = 574B63AF232BDA3100F4A29D /* Build configuration list for PBXNativeTarget "cuauhtemocTests" */;
			buildPhases = (
				3FA99EA81022BBF41A502199 /* [CP] Check Pods Manifest.lock */,
				574B6394232BDA3100F4A29D /* Sources */,
				574B6395232BDA3100F4A29D /* Frameworks */,
				574B6396232BDA3100F4A29D /* Resources */,
			);
			buildRules = (
			);
			dependencies = (
				574B639A232BDA3100F4A29D /* PBXTargetDependency */,
			);
			name = cuauhtemocTests;
			productName = cuauhtemocTests;
			productReference = 574B6398232BDA3100F4A29D /* cuauhtemocTests.xctest */;
			productType = "com.apple.product-type.bundle.unit-test";
		};
		574B63A2232BDA3100F4A29D /* cuauhtemocUITests */ = {
			isa = PBXNativeTarget;
			buildConfigurationList = 574B63B2232BDA3100F4A29D /* Build configuration list for PBXNativeTarget "cuauhtemocUITests" */;
			buildPhases = (
				CBE33DD9FB66796017D3A2E9 /* [CP] Check Pods Manifest.lock */,
				574B639F232BDA3100F4A29D /* Sources */,
				574B63A0232BDA3100F4A29D /* Frameworks */,
				574B63A1232BDA3100F4A29D /* Resources */,
			);
			buildRules = (
			);
			dependencies = (
				574B63A5232BDA3100F4A29D /* PBXTargetDependency */,
			);
			name = cuauhtemocUITests;
			productName = cuauhtemocUITests;
			productReference = 574B63A3232BDA3100F4A29D /* cuauhtemocUITests.xctest */;
			productType = "com.apple.product-type.bundle.ui-testing";
		};
/* End PBXNativeTarget section */

/* Begin PBXProject section */
		574B637C232BDA2F00F4A29D /* Project object */ = {
			isa = PBXProject;
			attributes = {
				LastSwiftUpdateCheck = 1030;
				LastUpgradeCheck = 1030;
				ORGANIZATIONNAME = "Alejandro Figueroa";
				TargetAttributes = {
					574B6383232BDA2F00F4A29D = {
						CreatedOnToolsVersion = 10.3;
						SystemCapabilities = {
							com.apple.Push = {
								enabled = 1;
							};
						};
					};
					574B6397232BDA3100F4A29D = {
						CreatedOnToolsVersion = 10.3;
						TestTargetID = 574B6383232BDA2F00F4A29D;
					};
					574B63A2232BDA3100F4A29D = {
						CreatedOnToolsVersion = 10.3;
						TestTargetID = 574B6383232BDA2F00F4A29D;
					};
				};
			};
			buildConfigurationList = 574B637F232BDA2F00F4A29D /* Build configuration list for PBXProject "cuauhtemoc" */;
			compatibilityVersion = "Xcode 9.3";
			developmentRegion = en;
			hasScannedForEncodings = 0;
			knownRegions = (
				en,
				Base,
			);
			mainGroup = 574B637B232BDA2F00F4A29D;
			packageReferences = (
				11FF091F242E7FE200A93AE0 /* XCRemoteSwiftPackageReference "IQKeyboardManager" */,
				116F43B2242E8C700041F301 /* XCRemoteSwiftPackageReference "ActivityIndicator" */,
				11CB735F246B285B00E086DC /* XCRemoteSwiftPackageReference "GooglePlacesSearchController" */,
				11CB7364246C398000E086DC /* XCRemoteSwiftPackageReference "Kingfisher" */,
			);
			productRefGroup = 574B6385232BDA2F00F4A29D /* Products */;
			projectDirPath = "";
			projectRoot = "";
			targets = (
				574B6383232BDA2F00F4A29D /* cuauhtemoc */,
				574B6397232BDA3100F4A29D /* cuauhtemocTests */,
				574B63A2232BDA3100F4A29D /* cuauhtemocUITests */,
			);
		};
/* End PBXProject section */

/* Begin PBXResourcesBuildPhase section */
		574B6382232BDA2F00F4A29D /* Resources */ = {
			isa = PBXResourcesBuildPhase;
			buildActionMask = 2147483647;
			files = (
				574B6392232BDA3100F4A29D /* LaunchScreen.storyboard in Resources */,
				11ED64F62457824E0037648C /* Home.storyboard in Resources */,
				1176FECF2448EE1000648239 /* oferta.storyboard in Resources */,
				1176FED32448EF8A00648239 /* conecta.storyboard in Resources */,
				574B638F232BDA3100F4A29D /* Assets.xcassets in Resources */,
				57AF9C232346AD5500784B32 /* FechaAlertView.xib in Resources */,
				11286813243F7D5B00F6BD58 /* Colors.xcassets in Resources */,
				574B63D5232DD15300F4A29D /* GoogleService-Info.plist in Resources */,
				1176FED12448EE6700648239 /* Notifications.storyboard in Resources */,
				574B638D232BDA2F00F4A29D /* Main.storyboard in Resources */,
				116563C02448BE3000860795 /* perfil.storyboard in Resources */,
				11CB7368246ED22200E086DC /* Web.storyboard in Resources */,
			);
			runOnlyForDeploymentPostprocessing = 0;
		};
		574B6396232BDA3100F4A29D /* Resources */ = {
			isa = PBXResourcesBuildPhase;
			buildActionMask = 2147483647;
			files = (
			);
			runOnlyForDeploymentPostprocessing = 0;
		};
		574B63A1232BDA3100F4A29D /* Resources */ = {
			isa = PBXResourcesBuildPhase;
			buildActionMask = 2147483647;
			files = (
			);
			runOnlyForDeploymentPostprocessing = 0;
		};
/* End PBXResourcesBuildPhase section */

/* Begin PBXShellScriptBuildPhase section */
		3FA99EA81022BBF41A502199 /* [CP] Check Pods Manifest.lock */ = {
			isa = PBXShellScriptBuildPhase;
			buildActionMask = 2147483647;
			files = (
			);
			inputFileListPaths = (
			);
			inputPaths = (
				"${PODS_PODFILE_DIR_PATH}/Podfile.lock",
				"${PODS_ROOT}/Manifest.lock",
			);
			name = "[CP] Check Pods Manifest.lock";
			outputFileListPaths = (
			);
			outputPaths = (
				"$(DERIVED_FILE_DIR)/Pods-cuauhtemocTests-checkManifestLockResult.txt",
			);
			runOnlyForDeploymentPostprocessing = 0;
			shellPath = /bin/sh;
			shellScript = "diff \"${PODS_PODFILE_DIR_PATH}/Podfile.lock\" \"${PODS_ROOT}/Manifest.lock\" > /dev/null\nif [ $? != 0 ] ; then\n    # print error to STDERR\n    echo \"error: The sandbox is not in sync with the Podfile.lock. Run 'pod install' or update your CocoaPods installation.\" >&2\n    exit 1\nfi\n# This output is used by Xcode 'outputs' to avoid re-running this script phase.\necho \"SUCCESS\" > \"${SCRIPT_OUTPUT_FILE_0}\"\n";
			showEnvVarsInLog = 0;
		};
		A01A5116D9A5D6BEB8DDAB1A /* [CP] Check Pods Manifest.lock */ = {
			isa = PBXShellScriptBuildPhase;
			buildActionMask = 2147483647;
			files = (
			);
			inputFileListPaths = (
			);
			inputPaths = (
				"${PODS_PODFILE_DIR_PATH}/Podfile.lock",
				"${PODS_ROOT}/Manifest.lock",
			);
			name = "[CP] Check Pods Manifest.lock";
			outputFileListPaths = (
			);
			outputPaths = (
				"$(DERIVED_FILE_DIR)/Pods-cuauhtemoc-checkManifestLockResult.txt",
			);
			runOnlyForDeploymentPostprocessing = 0;
			shellPath = /bin/sh;
			shellScript = "diff \"${PODS_PODFILE_DIR_PATH}/Podfile.lock\" \"${PODS_ROOT}/Manifest.lock\" > /dev/null\nif [ $? != 0 ] ; then\n    # print error to STDERR\n    echo \"error: The sandbox is not in sync with the Podfile.lock. Run 'pod install' or update your CocoaPods installation.\" >&2\n    exit 1\nfi\n# This output is used by Xcode 'outputs' to avoid re-running this script phase.\necho \"SUCCESS\" > \"${SCRIPT_OUTPUT_FILE_0}\"\n";
			showEnvVarsInLog = 0;
		};
		CBE33DD9FB66796017D3A2E9 /* [CP] Check Pods Manifest.lock */ = {
			isa = PBXShellScriptBuildPhase;
			buildActionMask = 2147483647;
			files = (
			);
			inputFileListPaths = (
			);
			inputPaths = (
				"${PODS_PODFILE_DIR_PATH}/Podfile.lock",
				"${PODS_ROOT}/Manifest.lock",
			);
			name = "[CP] Check Pods Manifest.lock";
			outputFileListPaths = (
			);
			outputPaths = (
				"$(DERIVED_FILE_DIR)/Pods-cuauhtemocUITests-checkManifestLockResult.txt",
			);
			runOnlyForDeploymentPostprocessing = 0;
			shellPath = /bin/sh;
			shellScript = "diff \"${PODS_PODFILE_DIR_PATH}/Podfile.lock\" \"${PODS_ROOT}/Manifest.lock\" > /dev/null\nif [ $? != 0 ] ; then\n    # print error to STDERR\n    echo \"error: The sandbox is not in sync with the Podfile.lock. Run 'pod install' or update your CocoaPods installation.\" >&2\n    exit 1\nfi\n# This output is used by Xcode 'outputs' to avoid re-running this script phase.\necho \"SUCCESS\" > \"${SCRIPT_OUTPUT_FILE_0}\"\n";
			showEnvVarsInLog = 0;
		};
		FB1818BDCB327AE30003D1D6 /* [CP] Embed Pods Frameworks */ = {
			isa = PBXShellScriptBuildPhase;
			buildActionMask = 2147483647;
			files = (
			);
			inputFileListPaths = (
				"${PODS_ROOT}/Target Support Files/Pods-cuauhtemoc/Pods-cuauhtemoc-frameworks-${CONFIGURATION}-input-files.xcfilelist",
			);
			name = "[CP] Embed Pods Frameworks";
			outputFileListPaths = (
				"${PODS_ROOT}/Target Support Files/Pods-cuauhtemoc/Pods-cuauhtemoc-frameworks-${CONFIGURATION}-output-files.xcfilelist",
			);
			runOnlyForDeploymentPostprocessing = 0;
			shellPath = /bin/sh;
			shellScript = "\"${PODS_ROOT}/Target Support Files/Pods-cuauhtemoc/Pods-cuauhtemoc-frameworks.sh\"\n";
			showEnvVarsInLog = 0;
		};
		FFFF37D892B7C1BC92E121BE /* [CP] Copy Pods Resources */ = {
			isa = PBXShellScriptBuildPhase;
			buildActionMask = 2147483647;
			files = (
			);
			inputFileListPaths = (
				"${PODS_ROOT}/Target Support Files/Pods-cuauhtemoc/Pods-cuauhtemoc-resources-${CONFIGURATION}-input-files.xcfilelist",
			);
			name = "[CP] Copy Pods Resources";
			outputFileListPaths = (
				"${PODS_ROOT}/Target Support Files/Pods-cuauhtemoc/Pods-cuauhtemoc-resources-${CONFIGURATION}-output-files.xcfilelist",
			);
			runOnlyForDeploymentPostprocessing = 0;
			shellPath = /bin/sh;
			shellScript = "\"${PODS_ROOT}/Target Support Files/Pods-cuauhtemoc/Pods-cuauhtemoc-resources.sh\"\n";
			showEnvVarsInLog = 0;
		};
/* End PBXShellScriptBuildPhase section */

/* Begin PBXSourcesBuildPhase section */
		574B6380232BDA2F00F4A29D /* Sources */ = {
			isa = PBXSourcesBuildPhase;
			buildActionMask = 2147483647;
			files = (
				57BFD20323372E17002A4EA3 /* Establecimiento.swift in Sources */,
				57BFD1F923371564002A4EA3 /* SimpleHashCollectionViewCell.swift in Sources */,
				11ED64F5245758810037648C /* VerifyCodeResponse.swift in Sources */,
				574B63DD23308F0600F4A29D /* ImagenesCollectionViewCell.swift in Sources */,
				573B56432338972600ADB2E3 /* Recurso.swift in Sources */,
				573B567C233D101400ADB2E3 /* ContratacionesTableViewCell.swift in Sources */,
				573B5660233C779800ADB2E3 /* PerfilCompleto.swift in Sources */,
				573B566A233CED8F00ADB2E3 /* PerfilCompletoViewController.swift in Sources */,
				574B63DA232FF90E00F4A29D /* ValidarCodigoViewController.swift in Sources */,
				574B63C7232CBB2000F4A29D /* LoginViewController.swift in Sources */,
				573B564923389D9F00ADB2E3 /* PostCompleto.swift in Sources */,
				573953B32337652A00D36609 /* ContenidoCompleto.swift in Sources */,
				573B5655233B67DF00ADB2E3 /* DatoComentario.swift in Sources */,
				573B5668233CEBF900ADB2E3 /* NotificacionesTableViewCell.swift in Sources */,
				573953B52337F3C500D36609 /* VerContenidoViewController.swift in Sources */,
				574B63E0233091C100F4A29D /* Intereses.swift in Sources */,
				11CB7363246B3B1E00E086DC /* AddURLResponse.swift in Sources */,
				57AF9C252346AEE700784B32 /* FechaAlertView.swift in Sources */,
				574B63C9232CBBA700F4A29D /* RegistroViewController.swift in Sources */,
				573B564B2338A8FA00ADB2E3 /* SelfSizedTableView.swift in Sources */,
				574B63CD232CBC4600F4A29D /* Strings.swift in Sources */,
				573B5678233D0BE800ADB2E3 /* MisContratacionesViewController.swift in Sources */,
				11866E09242E942400D9D3E3 /* UIViewControllerExtension.swift in Sources */,
				573B5651233B651000ADB2E3 /* ComentariosViewController.swift in Sources */,
				573B565D233C6CF400ADB2E3 /* Perfil.swift in Sources */,
				573B5672233D00D900ADB2E3 /* PerfilTableViewCell.swift in Sources */,
				573B5653233B674B00ADB2E3 /* Notificacion.swift in Sources */,
				57BFD1F72337138D002A4EA3 /* ContenidoViewCell.swift in Sources */,
				573B565B233C578C00ADB2E3 /* OfrecerTruequeViewController.swift in Sources */,
				11286815243F997700F6BD58 /* BorderCardView.swift in Sources */,
				1138462B2453AB2E007C4624 /* RegisterResponse.swift in Sources */,
				574B63D1232DC62E00F4A29D /* MenuViewController.swift in Sources */,
				573B5659233BF3E400ADB2E3 /* ComentariosTableViewCell.swift in Sources */,
				573B56412338969300ADB2E3 /* Post.swift in Sources */,
				573B567A233D0C0700ADB2E3 /* MisTruequesViewController.swift in Sources */,
				574B63CF232CBC9500F4A29D /* WebServiceClient.swift in Sources */,
				573B5664233CE69F00ADB2E3 /* NotificacionesViewController.swift in Sources */,
				11B12BAE2448F5D70001ACB2 /* Api.swift in Sources */,
				573B5647233899FF00ADB2E3 /* PostTableViewCell.swift in Sources */,
				573B564D2339F80C00ADB2E3 /* CargarOfertaViewController.swift in Sources */,
				57BFD1FB233715FE002A4EA3 /* ContenidoViewController.swift in Sources */,
				574B638A232BDA2F00F4A29D /* ViewController.swift in Sources */,
				57BFD1FD23371F8E002A4EA3 /* Contenido.swift in Sources */,
				573B5680233D129F00ADB2E3 /* EditarPerfilViewController.swift in Sources */,
				57BFD1C72334D4C4002A4EA3 /* InteresesViewController.swift in Sources */,
				11B12BAC2448F5450001ACB2 /* KeyChainServices.swift in Sources */,
				11CB736A246ED32800E086DC /* WebViewController.swift in Sources */,
				57BFD1FF233728E1002A4EA3 /* Usuario.swift in Sources */,
				11286819243FCAE200F6BD58 /* ExtensionUIIMage.swift in Sources */,
				573B5645233897CA00ADB2E3 /* Accion.swift in Sources */,
				11286817243FBD5100F6BD58 /* BorderTextField.swift in Sources */,
				574B63D8232FF8CA00F4A29D /* PerfilViewController.swift in Sources */,
				11D483142447F0760061FA33 /* BorderImageView.swift in Sources */,
				11CB735C246AD2E200E086DC /* HashtagTableViewController.swift in Sources */,
				573B5666233CEAF900ADB2E3 /* NotificacionCompleto.swift in Sources */,
				1128681B244118AE00F6BD58 /* CustomSegmentedControl.swift in Sources */,
				574B6388232BDA2F00F4A29D /* AppDelegate.swift in Sources */,
				57BFD1C9233688FB002A4EA3 /* PersonalizadoViewController.swift in Sources */,
				573B567E233D127400ADB2E3 /* ChatViewController.swift in Sources */,
				118D3DA32444DC48004D92E6 /* BorderCurvedButton.swift in Sources */,
				11B12BA82448F2D20001ACB2 /* RecoverViewController.swift in Sources */,
				57BFD20123372974002A4EA3 /* Keyword.swift in Sources */,
				11B12BAA2448F4E80001ACB2 /* NetworkLoader.swift in Sources */,
			);
			runOnlyForDeploymentPostprocessing = 0;
		};
		574B6394232BDA3100F4A29D /* Sources */ = {
			isa = PBXSourcesBuildPhase;
			buildActionMask = 2147483647;
			files = (
				574B639D232BDA3100F4A29D /* cuauhtemocTests.swift in Sources */,
			);
			runOnlyForDeploymentPostprocessing = 0;
		};
		574B639F232BDA3100F4A29D /* Sources */ = {
			isa = PBXSourcesBuildPhase;
			buildActionMask = 2147483647;
			files = (
				574B63A8232BDA3100F4A29D /* cuauhtemocUITests.swift in Sources */,
			);
			runOnlyForDeploymentPostprocessing = 0;
		};
/* End PBXSourcesBuildPhase section */

/* Begin PBXTargetDependency section */
		574B639A232BDA3100F4A29D /* PBXTargetDependency */ = {
			isa = PBXTargetDependency;
			target = 574B6383232BDA2F00F4A29D /* cuauhtemoc */;
			targetProxy = 574B6399232BDA3100F4A29D /* PBXContainerItemProxy */;
		};
		574B63A5232BDA3100F4A29D /* PBXTargetDependency */ = {
			isa = PBXTargetDependency;
			target = 574B6383232BDA2F00F4A29D /* cuauhtemoc */;
			targetProxy = 574B63A4232BDA3100F4A29D /* PBXContainerItemProxy */;
		};
/* End PBXTargetDependency section */

/* Begin PBXVariantGroup section */
		574B638B232BDA2F00F4A29D /* Main.storyboard */ = {
			isa = PBXVariantGroup;
			children = (
				574B638C232BDA2F00F4A29D /* Base */,
			);
			name = Main.storyboard;
			sourceTree = "<group>";
		};
		574B6390232BDA3100F4A29D /* LaunchScreen.storyboard */ = {
			isa = PBXVariantGroup;
			children = (
				574B6391232BDA3100F4A29D /* Base */,
			);
			name = LaunchScreen.storyboard;
			sourceTree = "<group>";
		};
/* End PBXVariantGroup section */

/* Begin XCBuildConfiguration section */
		574B63AA232BDA3100F4A29D /* Debug */ = {
			isa = XCBuildConfiguration;
			buildSettings = {
				ALWAYS_SEARCH_USER_PATHS = NO;
				CLANG_ANALYZER_NONNULL = YES;
				CLANG_ANALYZER_NUMBER_OBJECT_CONVERSION = YES_AGGRESSIVE;
				CLANG_CXX_LANGUAGE_STANDARD = "gnu++14";
				CLANG_CXX_LIBRARY = "libc++";
				CLANG_ENABLE_MODULES = YES;
				CLANG_ENABLE_OBJC_ARC = YES;
				CLANG_ENABLE_OBJC_WEAK = YES;
				CLANG_WARN_BLOCK_CAPTURE_AUTORELEASING = YES;
				CLANG_WARN_BOOL_CONVERSION = YES;
				CLANG_WARN_COMMA = YES;
				CLANG_WARN_CONSTANT_CONVERSION = YES;
				CLANG_WARN_DEPRECATED_OBJC_IMPLEMENTATIONS = YES;
				CLANG_WARN_DIRECT_OBJC_ISA_USAGE = YES_ERROR;
				CLANG_WARN_DOCUMENTATION_COMMENTS = YES;
				CLANG_WARN_EMPTY_BODY = YES;
				CLANG_WARN_ENUM_CONVERSION = YES;
				CLANG_WARN_INFINITE_RECURSION = YES;
				CLANG_WARN_INT_CONVERSION = YES;
				CLANG_WARN_NON_LITERAL_NULL_CONVERSION = YES;
				CLANG_WARN_OBJC_IMPLICIT_RETAIN_SELF = YES;
				CLANG_WARN_OBJC_LITERAL_CONVERSION = YES;
				CLANG_WARN_OBJC_ROOT_CLASS = YES_ERROR;
				CLANG_WARN_RANGE_LOOP_ANALYSIS = YES;
				CLANG_WARN_STRICT_PROTOTYPES = YES;
				CLANG_WARN_SUSPICIOUS_MOVE = YES;
				CLANG_WARN_UNGUARDED_AVAILABILITY = YES_AGGRESSIVE;
				CLANG_WARN_UNREACHABLE_CODE = YES;
				CLANG_WARN__DUPLICATE_METHOD_MATCH = YES;
				CODE_SIGN_IDENTITY = "iPhone Developer";
				COPY_PHASE_STRIP = NO;
				DEBUG_INFORMATION_FORMAT = dwarf;
				ENABLE_STRICT_OBJC_MSGSEND = YES;
				ENABLE_TESTABILITY = YES;
				GCC_C_LANGUAGE_STANDARD = gnu11;
				GCC_DYNAMIC_NO_PIC = NO;
				GCC_NO_COMMON_BLOCKS = YES;
				GCC_OPTIMIZATION_LEVEL = 0;
				GCC_PREPROCESSOR_DEFINITIONS = (
					"DEBUG=1",
					"$(inherited)",
				);
				GCC_WARN_64_TO_32_BIT_CONVERSION = YES;
				GCC_WARN_ABOUT_RETURN_TYPE = YES_ERROR;
				GCC_WARN_UNDECLARED_SELECTOR = YES;
				GCC_WARN_UNINITIALIZED_AUTOS = YES_AGGRESSIVE;
				GCC_WARN_UNUSED_FUNCTION = YES;
				GCC_WARN_UNUSED_VARIABLE = YES;
				IPHONEOS_DEPLOYMENT_TARGET = 12.4;
				MTL_ENABLE_DEBUG_INFO = INCLUDE_SOURCE;
				MTL_FAST_MATH = YES;
				ONLY_ACTIVE_ARCH = YES;
				SDKROOT = iphoneos;
				SWIFT_ACTIVE_COMPILATION_CONDITIONS = DEBUG;
				SWIFT_OPTIMIZATION_LEVEL = "-Onone";
			};
			name = Debug;
		};
		574B63AB232BDA3100F4A29D /* Release */ = {
			isa = XCBuildConfiguration;
			buildSettings = {
				ALWAYS_SEARCH_USER_PATHS = NO;
				CLANG_ANALYZER_NONNULL = YES;
				CLANG_ANALYZER_NUMBER_OBJECT_CONVERSION = YES_AGGRESSIVE;
				CLANG_CXX_LANGUAGE_STANDARD = "gnu++14";
				CLANG_CXX_LIBRARY = "libc++";
				CLANG_ENABLE_MODULES = YES;
				CLANG_ENABLE_OBJC_ARC = YES;
				CLANG_ENABLE_OBJC_WEAK = YES;
				CLANG_WARN_BLOCK_CAPTURE_AUTORELEASING = YES;
				CLANG_WARN_BOOL_CONVERSION = YES;
				CLANG_WARN_COMMA = YES;
				CLANG_WARN_CONSTANT_CONVERSION = YES;
				CLANG_WARN_DEPRECATED_OBJC_IMPLEMENTATIONS = YES;
				CLANG_WARN_DIRECT_OBJC_ISA_USAGE = YES_ERROR;
				CLANG_WARN_DOCUMENTATION_COMMENTS = YES;
				CLANG_WARN_EMPTY_BODY = YES;
				CLANG_WARN_ENUM_CONVERSION = YES;
				CLANG_WARN_INFINITE_RECURSION = YES;
				CLANG_WARN_INT_CONVERSION = YES;
				CLANG_WARN_NON_LITERAL_NULL_CONVERSION = YES;
				CLANG_WARN_OBJC_IMPLICIT_RETAIN_SELF = YES;
				CLANG_WARN_OBJC_LITERAL_CONVERSION = YES;
				CLANG_WARN_OBJC_ROOT_CLASS = YES_ERROR;
				CLANG_WARN_RANGE_LOOP_ANALYSIS = YES;
				CLANG_WARN_STRICT_PROTOTYPES = YES;
				CLANG_WARN_SUSPICIOUS_MOVE = YES;
				CLANG_WARN_UNGUARDED_AVAILABILITY = YES_AGGRESSIVE;
				CLANG_WARN_UNREACHABLE_CODE = YES;
				CLANG_WARN__DUPLICATE_METHOD_MATCH = YES;
				CODE_SIGN_IDENTITY = "iPhone Developer";
				COPY_PHASE_STRIP = NO;
				DEBUG_INFORMATION_FORMAT = "dwarf-with-dsym";
				ENABLE_NS_ASSERTIONS = NO;
				ENABLE_STRICT_OBJC_MSGSEND = YES;
				GCC_C_LANGUAGE_STANDARD = gnu11;
				GCC_NO_COMMON_BLOCKS = YES;
				GCC_WARN_64_TO_32_BIT_CONVERSION = YES;
				GCC_WARN_ABOUT_RETURN_TYPE = YES_ERROR;
				GCC_WARN_UNDECLARED_SELECTOR = YES;
				GCC_WARN_UNINITIALIZED_AUTOS = YES_AGGRESSIVE;
				GCC_WARN_UNUSED_FUNCTION = YES;
				GCC_WARN_UNUSED_VARIABLE = YES;
				IPHONEOS_DEPLOYMENT_TARGET = 12.4;
				MTL_ENABLE_DEBUG_INFO = NO;
				MTL_FAST_MATH = YES;
				SDKROOT = iphoneos;
				SWIFT_COMPILATION_MODE = wholemodule;
				SWIFT_OPTIMIZATION_LEVEL = "-O";
				VALIDATE_PRODUCT = YES;
			};
			name = Release;
		};
		574B63AD232BDA3100F4A29D /* Debug */ = {
			isa = XCBuildConfiguration;
			baseConfigurationReference = C3EA4DFFBF92E9B09811BF60 /* Pods-cuauhtemoc.debug.xcconfig */;
			buildSettings = {
				ASSETCATALOG_COMPILER_APPICON_NAME = AppIcon;
				CODE_SIGN_ENTITLEMENTS = cuauhtemoc/cuauhtemoc.entitlements;
				CODE_SIGN_IDENTITY = "Apple Development";
				CODE_SIGN_STYLE = Automatic;
				CURRENT_PROJECT_VERSION = 2;
				DEVELOPMENT_TEAM = 9NPVGZH535;
				INFOPLIST_FILE = cuauhtemoc/Info.plist;
				IPHONEOS_DEPLOYMENT_TARGET = 13.0;
				LD_RUNPATH_SEARCH_PATHS = (
					"$(inherited)",
					"@executable_path/Frameworks",
				);
				MARKETING_VERSION = 1.0.1;
				PRODUCT_BUNDLE_IDENTIFIER = com.fligthcapital.cuauhtemoc;
				PRODUCT_NAME = "$(TARGET_NAME)";
				PROVISIONING_PROFILE_SPECIFIER = "";
				SWIFT_VERSION = 5.0;
				TARGETED_DEVICE_FAMILY = "1,2";
			};
			name = Debug;
		};
		574B63AE232BDA3100F4A29D /* Release */ = {
			isa = XCBuildConfiguration;
			baseConfigurationReference = FB454BC4A40A07A9AF99BE7F /* Pods-cuauhtemoc.release.xcconfig */;
			buildSettings = {
				ASSETCATALOG_COMPILER_APPICON_NAME = AppIcon;
				CODE_SIGN_ENTITLEMENTS = cuauhtemoc/cuauhtemoc.entitlements;
				CODE_SIGN_IDENTITY = "Apple Development";
				CODE_SIGN_STYLE = Automatic;
				CURRENT_PROJECT_VERSION = 2;
				DEVELOPMENT_TEAM = 9NPVGZH535;
				INFOPLIST_FILE = cuauhtemoc/Info.plist;
				IPHONEOS_DEPLOYMENT_TARGET = 13.0;
				LD_RUNPATH_SEARCH_PATHS = (
					"$(inherited)",
					"@executable_path/Frameworks",
				);
				MARKETING_VERSION = 1.0.1;
				PRODUCT_BUNDLE_IDENTIFIER = com.fligthcapital.cuauhtemoc;
				PRODUCT_NAME = "$(TARGET_NAME)";
				PROVISIONING_PROFILE_SPECIFIER = "";
				SWIFT_VERSION = 5.0;
				TARGETED_DEVICE_FAMILY = "1,2";
			};
			name = Release;
		};
		574B63B0232BDA3100F4A29D /* Debug */ = {
			isa = XCBuildConfiguration;
			baseConfigurationReference = B0AAAAC0ADD18C2F2EB2CF97 /* Pods-cuauhtemocTests.debug.xcconfig */;
			buildSettings = {
				ALWAYS_EMBED_SWIFT_STANDARD_LIBRARIES = YES;
				BUNDLE_LOADER = "$(TEST_HOST)";
				CODE_SIGN_STYLE = Automatic;
				DEVELOPMENT_TEAM = 9NPVGZH535;
				INFOPLIST_FILE = cuauhtemocTests/Info.plist;
				LD_RUNPATH_SEARCH_PATHS = (
					"$(inherited)",
					"@executable_path/Frameworks",
					"@loader_path/Frameworks",
				);
				PRODUCT_BUNDLE_IDENTIFIER = com.fligthcapital.cuauhtemocTests;
				PRODUCT_NAME = "$(TARGET_NAME)";
				SWIFT_VERSION = 5.0;
				TARGETED_DEVICE_FAMILY = "1,2";
				TEST_HOST = "$(BUILT_PRODUCTS_DIR)/cuauhtemoc.app/cuauhtemoc";
			};
			name = Debug;
		};
		574B63B1232BDA3100F4A29D /* Release */ = {
			isa = XCBuildConfiguration;
			baseConfigurationReference = D73A5F93D650C2D3C143568E /* Pods-cuauhtemocTests.release.xcconfig */;
			buildSettings = {
				ALWAYS_EMBED_SWIFT_STANDARD_LIBRARIES = YES;
				BUNDLE_LOADER = "$(TEST_HOST)";
				CODE_SIGN_STYLE = Automatic;
				DEVELOPMENT_TEAM = 9NPVGZH535;
				INFOPLIST_FILE = cuauhtemocTests/Info.plist;
				LD_RUNPATH_SEARCH_PATHS = (
					"$(inherited)",
					"@executable_path/Frameworks",
					"@loader_path/Frameworks",
				);
				PRODUCT_BUNDLE_IDENTIFIER = com.fligthcapital.cuauhtemocTests;
				PRODUCT_NAME = "$(TARGET_NAME)";
				SWIFT_VERSION = 5.0;
				TARGETED_DEVICE_FAMILY = "1,2";
				TEST_HOST = "$(BUILT_PRODUCTS_DIR)/cuauhtemoc.app/cuauhtemoc";
			};
			name = Release;
		};
		574B63B3232BDA3100F4A29D /* Debug */ = {
			isa = XCBuildConfiguration;
			baseConfigurationReference = EEFA1A54217006DC02C6AD03 /* Pods-cuauhtemocUITests.debug.xcconfig */;
			buildSettings = {
				ALWAYS_EMBED_SWIFT_STANDARD_LIBRARIES = YES;
				CODE_SIGN_STYLE = Automatic;
				DEVELOPMENT_TEAM = 9NPVGZH535;
				INFOPLIST_FILE = cuauhtemocUITests/Info.plist;
				LD_RUNPATH_SEARCH_PATHS = (
					"$(inherited)",
					"@executable_path/Frameworks",
					"@loader_path/Frameworks",
				);
				PRODUCT_BUNDLE_IDENTIFIER = com.fligthcapital.cuauhtemocUITests;
				PRODUCT_NAME = "$(TARGET_NAME)";
				SWIFT_VERSION = 5.0;
				TARGETED_DEVICE_FAMILY = "1,2";
				TEST_TARGET_NAME = cuauhtemoc;
			};
			name = Debug;
		};
		574B63B4232BDA3100F4A29D /* Release */ = {
			isa = XCBuildConfiguration;
			baseConfigurationReference = B98B21D730611682892EB614 /* Pods-cuauhtemocUITests.release.xcconfig */;
			buildSettings = {
				ALWAYS_EMBED_SWIFT_STANDARD_LIBRARIES = YES;
				CODE_SIGN_STYLE = Automatic;
				DEVELOPMENT_TEAM = 9NPVGZH535;
				INFOPLIST_FILE = cuauhtemocUITests/Info.plist;
				LD_RUNPATH_SEARCH_PATHS = (
					"$(inherited)",
					"@executable_path/Frameworks",
					"@loader_path/Frameworks",
				);
				PRODUCT_BUNDLE_IDENTIFIER = com.fligthcapital.cuauhtemocUITests;
				PRODUCT_NAME = "$(TARGET_NAME)";
				SWIFT_VERSION = 5.0;
				TARGETED_DEVICE_FAMILY = "1,2";
				TEST_TARGET_NAME = cuauhtemoc;
			};
			name = Release;
		};
/* End XCBuildConfiguration section */

/* Begin XCConfigurationList section */
		574B637F232BDA2F00F4A29D /* Build configuration list for PBXProject "cuauhtemoc" */ = {
			isa = XCConfigurationList;
			buildConfigurations = (
				574B63AA232BDA3100F4A29D /* Debug */,
				574B63AB232BDA3100F4A29D /* Release */,
			);
			defaultConfigurationIsVisible = 0;
			defaultConfigurationName = Release;
		};
		574B63AC232BDA3100F4A29D /* Build configuration list for PBXNativeTarget "cuauhtemoc" */ = {
			isa = XCConfigurationList;
			buildConfigurations = (
				574B63AD232BDA3100F4A29D /* Debug */,
				574B63AE232BDA3100F4A29D /* Release */,
			);
			defaultConfigurationIsVisible = 0;
			defaultConfigurationName = Release;
		};
		574B63AF232BDA3100F4A29D /* Build configuration list for PBXNativeTarget "cuauhtemocTests" */ = {
			isa = XCConfigurationList;
			buildConfigurations = (
				574B63B0232BDA3100F4A29D /* Debug */,
				574B63B1232BDA3100F4A29D /* Release */,
			);
			defaultConfigurationIsVisible = 0;
			defaultConfigurationName = Release;
		};
		574B63B2232BDA3100F4A29D /* Build configuration list for PBXNativeTarget "cuauhtemocUITests" */ = {
			isa = XCConfigurationList;
			buildConfigurations = (
				574B63B3232BDA3100F4A29D /* Debug */,
				574B63B4232BDA3100F4A29D /* Release */,
			);
			defaultConfigurationIsVisible = 0;
			defaultConfigurationName = Release;
		};
/* End XCConfigurationList section */

/* Begin XCRemoteSwiftPackageReference section */
		116F43B2242E8C700041F301 /* XCRemoteSwiftPackageReference "ActivityIndicator" */ = {
			isa = XCRemoteSwiftPackageReference;
			repositoryURL = "https://github.com/kjoe07/ActivityIndicator.git";
			requirement = {
				branch = master;
				kind = branch;
			};
		};
		11CB735F246B285B00E086DC /* XCRemoteSwiftPackageReference "GooglePlacesSearchController" */ = {
			isa = XCRemoteSwiftPackageReference;
			repositoryURL = "https://github.com/kjoe07/GooglePlacesSearchController";
			requirement = {
				branch = master;
				kind = branch;
			};
		};
		11CB7364246C398000E086DC /* XCRemoteSwiftPackageReference "Kingfisher" */ = {
			isa = XCRemoteSwiftPackageReference;
			repositoryURL = "https://github.com/onevcat/Kingfisher.git";
			requirement = {
				kind = upToNextMajorVersion;
				minimumVersion = 5.14.0;
			};
		};
		11FF091F242E7FE200A93AE0 /* XCRemoteSwiftPackageReference "IQKeyboardManager" */ = {
			isa = XCRemoteSwiftPackageReference;
			repositoryURL = "https://github.com/hackiftekhar/IQKeyboardManager.git";
			requirement = {
				kind = upToNextMajorVersion;
				minimumVersion = 6.5.5;
			};
		};
/* End XCRemoteSwiftPackageReference section */

/* Begin XCSwiftPackageProductDependency section */
		116F43B3242E8C700041F301 /* ActivityIndicator */ = {
			isa = XCSwiftPackageProductDependency;
			package = 116F43B2242E8C700041F301 /* XCRemoteSwiftPackageReference "ActivityIndicator" */;
			productName = ActivityIndicator;
		};
		11CB7360246B285B00E086DC /* GooglePlacesSearchController */ = {
			isa = XCSwiftPackageProductDependency;
			package = 11CB735F246B285B00E086DC /* XCRemoteSwiftPackageReference "GooglePlacesSearchController" */;
			productName = GooglePlacesSearchController;
		};
		11CB7365246C398000E086DC /* Kingfisher */ = {
			isa = XCSwiftPackageProductDependency;
			package = 11CB7364246C398000E086DC /* XCRemoteSwiftPackageReference "Kingfisher" */;
			productName = Kingfisher;
		};
		11FF0920242E7FE200A93AE0 /* IQKeyboardManagerSwift */ = {
			isa = XCSwiftPackageProductDependency;
			package = 11FF091F242E7FE200A93AE0 /* XCRemoteSwiftPackageReference "IQKeyboardManager" */;
			productName = IQKeyboardManagerSwift;
		};
/* End XCSwiftPackageProductDependency section */
	};
	rootObject = 574B637C232BDA2F00F4A29D /* Project object */;
}
